
Microsoft Visual Studio Solution File, Format Version 12.00
# Visual Studio 15
VisualStudioVersion = 15.0.28307.168
MinimumVisualStudioVersion = 10.0.40219.1
Project("{FAE04EC0-301F-11D3-BF4B-00C04F79EFBC}") = "21 paskaita 2019 01 03", "21 paskaita 2019 01 03\21 paskaita 2019 01 03.csproj", "{04BEA8F1-1B46-4610-91A6-E50A32FADF5C}"
EndProject
Global
	GlobalSection(SolutionConfigurationPlatforms) = preSolution
		Debug|Any CPU = Debug|Any CPU
		Release|Any CPU = Release|Any CPU
	EndGlobalSection
	GlobalSection(ProjectConfigurationPlatforms) = postSolution
		{04BEA8F1-1B46-4610-91A6-E50A32FADF5C}.Debug|Any CPU.ActiveCfg = Debug|Any CPU
		{04BEA8F1-1B46-4610-91A6-E50A32FADF5C}.Debug|Any CPU.Build.0 = Debug|Any CPU
		{04BEA8F1-1B46-4610-91A6-E50A32FADF5C}.Release|Any CPU.ActiveCfg = Release|Any CPU
		{04BEA8F1-1B46-4610-91A6-E50A32FADF5C}.Release|Any CPU.Build.0 = Release|Any CPU
	EndGlobalSection
	GlobalSection(SolutionProperties) = preSolution
		HideSolutionNode = FALSE
	EndGlobalSection
	GlobalSection(ExtensibilityGlobals) = postSolution
		SolutionGuid = {D80E2C81-503F-4E2D-8FED-D429AA2FAAF1}
	EndGlobalSection
EndGlobal
